{
  "name": "belgium-idnumber-generator",
  "version": "1.0.0",
  "lockfileVersion": 2,
  "requires": true,
  "packages": {
    "": {
      "name": "belgium-idnumber-generator",
      "version": "1.0.0",
      "license": "ISC",
      "dependencies": {
        "random-datetime": "^1.0.1"
      }
    },
    "node_modules/clamp": {
      "version": "1.0.1",
      "resolved": "https://registry.npmjs.org/clamp/-/clamp-1.0.1.tgz",
      "integrity": "sha1-ZqDmQBGBbjcZaCj9yMjBRzEshjQ="
    },
    "node_modules/has-symbols": {
      "version": "1.0.3",
      "resolved": "https://registry.npmjs.org/has-symbols/-/has-symbols-1.0.3.tgz",
      "integrity": "sha512-l3LCuF6MgDNwTDKkdYGEihYjt5pRPbEg46rtlmnSPlUbgmB8LOIrKJbYYFBSbnPaJexMKtiPO8hmeRjRz2Td+A==",
      "engines": {
        "node": ">= 0.4"
      },
      "funding": {
        "url": "https://github.com/sponsors/ljharb"
      }
    },
    "node_modules/is-array": {
      "version": "1.0.1",
      "resolved": "https://registry.npmjs.org/is-array/-/is-array-1.0.1.tgz",
      "integrity": "sha1-6YUMwsyGDDvAl36EzPDdRkWEJ5o="
    },
    "node_modules/is-array-like": {
      "version": "1.1.2",
      "resolved": "https://registry.npmjs.org/is-array-like/-/is-array-like-1.1.2.tgz",
      "integrity": "sha1-fygKp3f1PrMfdOHc0+BAkjGGwgU=",
      "dependencies": {
        "is-array": "^1.0.1",
        "is-function": "^1.0.1",
        "is-window": "^1.0.1"
      }
    },
    "node_modules/is-function": {
      "version": "1.0.2",
      "resolved": "https://registry.npmjs.org/is-function/-/is-function-1.0.2.tgz",
      "integrity": "sha512-lw7DUp0aWXYg+CBCN+JKkcE0Q2RayZnSvnZBlwgxHBQhqt5pZNVy4Ri7H9GmmXkdu7LUthszM+Tor1u/2iBcpQ=="
    },
    "node_modules/is-nil": {
      "version": "1.0.1",
      "resolved": "https://registry.npmjs.org/is-nil/-/is-nil-1.0.1.tgz",
      "integrity": "sha1-LauingtYUGOHXntTnQcfWxWTeWk="
    },
    "node_modules/is-object": {
      "version": "1.0.2",
      "resolved": "https://registry.npmjs.org/is-object/-/is-object-1.0.2.tgz",
      "integrity": "sha512-2rRIahhZr2UWb45fIOuvZGpFtz0TyOZLf32KxBbSoUCeZR495zCKlWUKKUByk3geS2eAs7ZAABt0Y/Rx0GiQGA==",
      "funding": {
        "url": "https://github.com/sponsors/ljharb"
      }
    },
    "node_modules/is-symbol": {
      "version": "1.0.4",
      "resolved": "https://registry.npmjs.org/is-symbol/-/is-symbol-1.0.4.tgz",
      "integrity": "sha512-C/CPBqKWnvdcxqIARxyOh4v1UUEOCHpgDa0WYgpKDFMszcrPcffg5uhwSgPCLD2WWxmq6isisz87tzT01tuGhg==",
      "dependencies": {
        "has-symbols": "^1.0.2"
      },
      "engines": {
        "node": ">= 0.4"
      },
      "funding": {
        "url": "https://github.com/sponsors/ljharb"
      }
    },
    "node_modules/is-window": {
      "version": "1.0.2",
      "resolved": "https://registry.npmjs.org/is-window/-/is-window-1.0.2.tgz",
      "integrity": "sha1-LIlspT25feRdPDMTOmXYyfVjSA0="
    },
    "node_modules/max-array-length": {
      "version": "1.0.0",
      "resolved": "https://registry.npmjs.org/max-array-length/-/max-array-length-1.0.0.tgz",
      "integrity": "sha1-DmT12l3rR7zaqrRxYNZunybtRjE="
    },
    "node_modules/max-safe-int": {
      "version": "1.0.0",
      "resolved": "https://registry.npmjs.org/max-safe-int/-/max-safe-int-1.0.0.tgz",
      "integrity": "sha1-RPuo7Jk97ZH7LFo15xz5yfNpzlI="
    },
    "node_modules/pick-item": {
      "version": "1.0.4",
      "resolved": "https://registry.npmjs.org/pick-item/-/pick-item-1.0.4.tgz",
      "integrity": "sha1-DgbK/bm4Hu4ak7zg3y3OYEyekBU=",
      "dependencies": {
        "is-array-like": "^1.1.0",
        "random-index": "^1.0.4"
      }
    },
    "node_modules/random-datetime": {
      "version": "1.0.1",
      "resolved": "https://registry.npmjs.org/random-datetime/-/random-datetime-1.0.1.tgz",
      "integrity": "sha1-05RSOYgJj7ZKuteIHltv6kQCQgw=",
      "dependencies": {
        "random-day": "^1.0.0",
        "random-hour": "^1.0.2",
        "random-millisecond": "^1.0.3",
        "random-minute": "^1.0.3",
        "random-month": "^1.0.0",
        "random-natural": "^1.0.1",
        "random-second": "^1.0.2",
        "random-year": "^1.0.1"
      }
    },
    "node_modules/random-day": {
      "version": "1.0.1",
      "resolved": "https://registry.npmjs.org/random-day/-/random-day-1.0.1.tgz",
      "integrity": "sha1-gF6gv3/k7CMXmVOi7DlY8VWzpWM=",
      "dependencies": {
        "pick-item": "^1.0.4",
        "random-natural": "^1.0.3"
      }
    },
    "node_modules/random-hour": {
      "version": "1.0.3",
      "resolved": "https://registry.npmjs.org/random-hour/-/random-hour-1.0.3.tgz",
      "integrity": "sha1-xgMg2rB/eYMA3E8ySZOvzyX2CFw=",
      "dependencies": {
        "random-natural": "^1.0.3"
      }
    },
    "node_modules/random-index": {
      "version": "1.0.4",
      "resolved": "https://registry.npmjs.org/random-index/-/random-index-1.0.4.tgz",
      "integrity": "sha1-VMDR7Xx/xDaD/IjWS3cTvfW05h0=",
      "dependencies": {
        "max-array-length": "^1.0.0",
        "random-natural": "^1.0.3"
      }
    },
    "node_modules/random-integral": {
      "version": "1.0.3",
      "resolved": "https://registry.npmjs.org/random-integral/-/random-integral-1.0.3.tgz",
      "integrity": "sha1-j/PBF1ZcmgS2bd1VnzrtKb0PD2w=",
      "dependencies": {
        "clamp": "^1.0.1",
        "max-safe-int": "^1.0.0",
        "to-integer": "^1.0.1"
      }
    },
    "node_modules/random-millisecond": {
      "version": "1.0.4",
      "resolved": "https://registry.npmjs.org/random-millisecond/-/random-millisecond-1.0.4.tgz",
      "integrity": "sha1-WY0zT3FeuJ8A4Wq5eSA/ihv70lM=",
      "dependencies": {
        "random-natural": "^1.0.3"
      }
    },
    "node_modules/random-minute": {
      "version": "1.0.4",
      "resolved": "https://registry.npmjs.org/random-minute/-/random-minute-1.0.4.tgz",
      "integrity": "sha1-LTLJ4JYs9bFDnM6WiBdRYFJj1LY=",
      "dependencies": {
        "random-natural": "^1.0.3"
      }
    },
    "node_modules/random-month": {
      "version": "1.0.1",
      "resolved": "https://registry.npmjs.org/random-month/-/random-month-1.0.1.tgz",
      "integrity": "sha1-8v8cyhAhzGF5nnPOQ9I1UdhuXk8=",
      "dependencies": {
        "random-natural": "^1.0.3"
      }
    },
    "node_modules/random-natural": {
      "version": "1.0.3",
      "resolved": "https://registry.npmjs.org/random-natural/-/random-natural-1.0.3.tgz",
      "integrity": "sha1-7yhhWwPCy3Gq6/fyT0hyZqRDxcA=",
      "dependencies": {
        "max-safe-int": "^1.0.0",
        "random-integral": "^1.0.3"
      }
    },
    "node_modules/random-second": {
      "version": "1.0.3",
      "resolved": "https://registry.npmjs.org/random-second/-/random-second-1.0.3.tgz",
      "integrity": "sha1-j1jVPzp78OiSLxSH7IMvapSR/EY=",
      "dependencies": {
        "random-natural": "^1.0.3"
      }
    },
    "node_modules/random-year": {
      "version": "1.0.2",
      "resolved": "https://registry.npmjs.org/random-year/-/random-year-1.0.2.tgz",
      "integrity": "sha1-WpJePE7jp7Y0w3OqDW2Ai+S5KfU=",
      "dependencies": {
        "random-natural": "^1.0.3"
      }
    },
    "node_modules/to-integer": {
      "version": "1.0.1",
      "resolved": "https://registry.npmjs.org/to-integer/-/to-integer-1.0.1.tgz",
      "integrity": "sha1-URrUHc5qk3MKjztuNaFk/YKUZNo=",
      "dependencies": {
        "is-function": "^1.0.1",
        "is-nil": "^1.0.0",
        "is-object": "^1.0.1",
        "is-symbol": "^1.0.1"
      }
    }
  },
  "dependencies": {
    "clamp": {
      "version": "1.0.1",
      "resolved": "https://registry.npmjs.org/clamp/-/clamp-1.0.1.tgz",
      "integrity": "sha1-ZqDmQBGBbjcZaCj9yMjBRzEshjQ="
    },
    "has-symbols": {
      "version": "1.0.3",
      "resolved": "https://registry.npmjs.org/has-symbols/-/has-symbols-1.0.3.tgz",
      "integrity": "sha512-l3LCuF6MgDNwTDKkdYGEihYjt5pRPbEg46rtlmnSPlUbgmB8LOIrKJbYYFBSbnPaJexMKtiPO8hmeRjRz2Td+A=="
    },
    "is-array": {
      "version": "1.0.1",
      "resolved": "https://registry.npmjs.org/is-array/-/is-array-1.0.1.tgz",
      "integrity": "sha1-6YUMwsyGDDvAl36EzPDdRkWEJ5o="
    },
    "is-array-like": {
      "version": "1.1.2",
      "resolved": "https://registry.npmjs.org/is-array-like/-/is-array-like-1.1.2.tgz",
      "integrity": "sha1-fygKp3f1PrMfdOHc0+BAkjGGwgU=",
      "requires": {
        "is-array": "^1.0.1",
        "is-function": "^1.0.1",
        "is-window": "^1.0.1"
      }
    },
    "is-function": {
      "version": "1.0.2",
      "resolved": "https://registry.npmjs.org/is-function/-/is-function-1.0.2.tgz",
      "integrity": "sha512-lw7DUp0aWXYg+CBCN+JKkcE0Q2RayZnSvnZBlwgxHBQhqt5pZNVy4Ri7H9GmmXkdu7LUthszM+Tor1u/2iBcpQ=="
    },
    "is-nil": {
      "version": "1.0.1",
      "resolved": "https://registry.npmjs.org/is-nil/-/is-nil-1.0.1.tgz",
      "integrity": "sha1-LauingtYUGOHXntTnQcfWxWTeWk="
    },
    "is-object": {
      "version": "1.0.2",
      "resolved": "https://registry.npmjs.org/is-object/-/is-object-1.0.2.tgz",
      "integrity": "sha512-2rRIahhZr2UWb45fIOuvZGpFtz0TyOZLf32KxBbSoUCeZR495zCKlWUKKUByk3geS2eAs7ZAABt0Y/Rx0GiQGA=="
    },
    "is-symbol": {
      "version": "1.0.4",
      "resolved": "https://registry.npmjs.org/is-symbol/-/is-symbol-1.0.4.tgz",
      "integrity": "sha512-C/CPBqKWnvdcxqIARxyOh4v1UUEOCHpgDa0WYgpKDFMszcrPcffg5uhwSgPCLD2WWxmq6isisz87tzT01tuGhg==",
      "requires": {
        "has-symbols": "^1.0.2"
      }
    },
    "is-window": {
      "version": "1.0.2",
      "resolved": "https://registry.npmjs.org/is-window/-/is-window-1.0.2.tgz",
      "integrity": "sha1-LIlspT25feRdPDMTOmXYyfVjSA0="
    },
    "max-array-length": {
      "version": "1.0.0",
      "resolved": "https://registry.npmjs.org/max-array-length/-/max-array-length-1.0.0.tgz",
      "integrity": "sha1-DmT12l3rR7zaqrRxYNZunybtRjE="
    },
    "max-safe-int": {
      "version": "1.0.0",
      "resolved": "https://registry.npmjs.org/max-safe-int/-/max-safe-int-1.0.0.tgz",
      "integrity": "sha1-RPuo7Jk97ZH7LFo15xz5yfNpzlI="
    },
    "pick-item": {
      "version": "1.0.4",
      "resolved": "https://registry.npmjs.org/pick-item/-/pick-item-1.0.4.tgz",
      "integrity": "sha1-DgbK/bm4Hu4ak7zg3y3OYEyekBU=",
      "requires": {
        "is-array-like": "^1.1.0",
        "random-index": "^1.0.4"
      }
    },
    "random-datetime": {
      "version": "1.0.1",
      "resolved": "https://registry.npmjs.org/random-datetime/-/random-datetime-1.0.1.tgz",
      "integrity": "sha1-05RSOYgJj7ZKuteIHltv6kQCQgw=",
      "requires": {
        "random-day": "^1.0.0",
        "random-hour": "^1.0.2",
        "random-millisecond": "^1.0.3",
        "random-minute": "^1.0.3",
        "random-month": "^1.0.0",
        "random-natural": "^1.0.1",
        "random-second": "^1.0.2",
        "random-year": "^1.0.1"
      }
    },
    "random-day": {
      "version": "1.0.1",
      "resolved": "https://registry.npmjs.org/random-day/-/random-day-1.0.1.tgz",
      "integrity": "sha1-gF6gv3/k7CMXmVOi7DlY8VWzpWM=",
      "requires": {
        "pick-item": "^1.0.4",
        "random-natural": "^1.0.3"
      }
    },
    "random-hour": {
      "version": "1.0.3",
      "resolved": "https://registry.npmjs.org/random-hour/-/random-hour-1.0.3.tgz",
      "integrity": "sha1-xgMg2rB/eYMA3E8ySZOvzyX2CFw=",
      "requires": {
        "random-natural": "^1.0.3"
      }
    },
    "random-index": {
      "version": "1.0.4",
      "resolved": "https://registry.npmjs.org/random-index/-/random-index-1.0.4.tgz",
      "integrity": "sha1-VMDR7Xx/xDaD/IjWS3cTvfW05h0=",
      "requires": {
        "max-array-length": "^1.0.0",
        "random-natural": "^1.0.3"
      }
    },
    "random-integral": {
      "version": "1.0.3",
      "resolved": "https://registry.npmjs.org/random-integral/-/random-integral-1.0.3.tgz",
      "integrity": "sha1-j/PBF1ZcmgS2bd1VnzrtKb0PD2w=",
      "requires": {
        "clamp": "^1.0.1",
        "max-safe-int": "^1.0.0",
        "to-integer": "^1.0.1"
      }
    },
    "random-millisecond": {
      "version": "1.0.4",
      "resolved": "https://registry.npmjs.org/random-millisecond/-/random-millisecond-1.0.4.tgz",
      "integrity": "sha1-WY0zT3FeuJ8A4Wq5eSA/ihv70lM=",
      "requires": {
        "random-natural": "^1.0.3"
      }
    },
    "random-minute": {
      "version": "1.0.4",
      "resolved": "https://registry.npmjs.org/random-minute/-/random-minute-1.0.4.tgz",
      "integrity": "sha1-LTLJ4JYs9bFDnM6WiBdRYFJj1LY=",
      "requires": {
        "random-natural": "^1.0.3"
      }
    },
    "random-month": {
      "version": "1.0.1",
      "resolved": "https://registry.npmjs.org/random-month/-/random-month-1.0.1.tgz",
      "integrity": "sha1-8v8cyhAhzGF5nnPOQ9I1UdhuXk8=",
      "requires": {
        "random-natural": "^1.0.3"
      }
    },
    "random-natural": {
      "version": "1.0.3",
      "resolved": "https://registry.npmjs.org/random-natural/-/random-natural-1.0.3.tgz",
      "integrity": "sha1-7yhhWwPCy3Gq6/fyT0hyZqRDxcA=",
      "requires": {
        "max-safe-int": "^1.0.0",
        "random-integral": "^1.0.3"
      }
    },
    "random-second": {
      "version": "1.0.3",
      "resolved": "https://registry.npmjs.org/random-second/-/random-second-1.0.3.tgz",
      "integrity": "sha1-j1jVPzp78OiSLxSH7IMvapSR/EY=",
      "requires": {
        "random-natural": "^1.0.3"
      }
    },
    "random-year": {
      "version": "1.0.2",
      "resolved": "https://registry.npmjs.org/random-year/-/random-year-1.0.2.tgz",
      "integrity": "sha1-WpJePE7jp7Y0w3OqDW2Ai+S5KfU=",
      "requires": {
        "random-natural": "^1.0.3"
      }
    },
    "to-integer": {
      "version": "1.0.1",
      "resolved": "https://registry.npmjs.org/to-integer/-/to-integer-1.0.1.tgz",
      "integrity": "sha1-URrUHc5qk3MKjztuNaFk/YKUZNo=",
      "requires": {
        "is-function": "^1.0.1",
        "is-nil": "^1.0.0",
        "is-object": "^1.0.1",
        "is-symbol": "^1.0.1"
      }
    }
  }
}
